# This file was autogenerated by Stack.
# You should not edit this file by hand.
# For more information, please see the documentation at:
#   https://docs.haskellstack.org/en/stable/topics/lock_files

packages:
- completed:
    hackage: typed-process-0.2.13.0@sha256:257e4f6d4579e4a3f9a72503397c252e20d722fbd6531a8ce66f947f4f7b72fc,2231
    pantry-tree:
      sha256: 7c94a9b4925e3e7dd97bc686e26ec18b2ada2e9e91e4c7c2299dc5c8198906c1
      size: 531
  original:
    hackage: typed-process-0.2.13.0@sha256:257e4f6d4579e4a3f9a72503397c252e20d722fbd6531a8ce66f947f4f7b72fc,2231
snapshots:
- completed:
    sha256: 5a59b2a405b3aba3c00188453be172b85893cab8ebc352b1ef58b0eae5d248a2
    size: 650475
    url: https://raw.githubusercontent.com/commercialhaskell/stackage-snapshots/master/lts/20/26.yaml
  original:
    url: https://raw.githubusercontent.com/commercialhaskell/stackage-snapshots/master/lts/20/26.yaml
